
Microsoft Visual Studio Solution File, Format Version 12.00
# Visual Studio Version 17
VisualStudioVersion = 17.7.34202.233
MinimumVisualStudioVersion = 10.0.40219.1
Project("{FAE04EC0-301F-11D3-BF4B-00C04F79EFBC}") = "StickyNotesCore", "StickyNotesCore\StickyNotesCore.csproj", "{516E6996-282A-47BC-A12D-488A46332594}"
EndProject
Project("{FAE04EC0-301F-11D3-BF4B-00C04F79EFBC}") = "StickyNotesCore.Shared", "StickyNotesCore.Shared\StickyNotesCore.Shared.csproj", "{3E515612-F81F-4B9E-A8D4-F992A8F023DC}"
EndProject
Project("{FAE04EC0-301F-11D3-BF4B-00C04F79EFBC}") = "StickyNotesCore.Web", "StickyNotesCore.Web\StickyNotesCore.Web.csproj", "{685F226E-4C9C-45AA-9F7B-F1801B9646AF}"
EndProject
Global
	GlobalSection(SolutionConfigurationPlatforms) = preSolution
		Debug|Any CPU = Debug|Any CPU
		Release|Any CPU = Release|Any CPU
	EndGlobalSection
	GlobalSection(ProjectConfigurationPlatforms) = postSolution
		{516E6996-282A-47BC-A12D-488A46332594}.Debug|Any CPU.ActiveCfg = Debug|Any CPU
		{516E6996-282A-47BC-A12D-488A46332594}.Debug|Any CPU.Build.0 = Debug|Any CPU
		{516E6996-282A-47BC-A12D-488A46332594}.Release|Any CPU.ActiveCfg = Release|Any CPU
		{516E6996-282A-47BC-A12D-488A46332594}.Release|Any CPU.Build.0 = Release|Any CPU
		{3E515612-F81F-4B9E-A8D4-F992A8F023DC}.Debug|Any CPU.ActiveCfg = Debug|Any CPU
		{3E515612-F81F-4B9E-A8D4-F992A8F023DC}.Debug|Any CPU.Build.0 = Debug|Any CPU
		{3E515612-F81F-4B9E-A8D4-F992A8F023DC}.Release|Any CPU.ActiveCfg = Release|Any CPU
		{3E515612-F81F-4B9E-A8D4-F992A8F023DC}.Release|Any CPU.Build.0 = Release|Any CPU
		{685F226E-4C9C-45AA-9F7B-F1801B9646AF}.Debug|Any CPU.ActiveCfg = Debug|Any CPU
		{685F226E-4C9C-45AA-9F7B-F1801B9646AF}.Debug|Any CPU.Build.0 = Debug|Any CPU
		{685F226E-4C9C-45AA-9F7B-F1801B9646AF}.Release|Any CPU.ActiveCfg = Release|Any CPU
		{685F226E-4C9C-45AA-9F7B-F1801B9646AF}.Release|Any CPU.Build.0 = Release|Any CPU
	EndGlobalSection
	GlobalSection(SolutionProperties) = preSolution
		HideSolutionNode = FALSE
	EndGlobalSection
	GlobalSection(ExtensibilityGlobals) = postSolution
		SolutionGuid = {09E795F5-9781-4614-80CD-FED2F1A03262}
	EndGlobalSection
EndGlobal
